// !$*UTF8*$!
{
	archiveVersion = 1;
	classes = {
	};
	objectVersion = 56;
	objects = {

/* Begin PBXBuildFile section */
		1285EA2D29F1FFAF00C2186C /* NavigationTests.swift in Sources */ = {isa = PBXBuildFile; fileRef = 1285EA2C29F1FFAF00C2186C /* NavigationTests.swift */; };
		1285EA642A0B67C800C2186C /* Jakarta.swift in Sources */ = {isa = PBXBuildFile; fileRef = 1285EA632A0B67C800C2186C /* Jakarta.swift */; };
		1285EA662A0B67DD00C2186C /* Bali.swift in Sources */ = {isa = PBXBuildFile; fileRef = 1285EA652A0B67DD00C2186C /* Bali.swift */; };
		1285EA702A0B689D00C2186C /* Helpers.docc in Sources */ = {isa = PBXBuildFile; fileRef = 1285EA6F2A0B689D00C2186C /* Helpers.docc */; };
		1285EA7E2A0B689D00C2186C /* Helpers.h in Headers */ = {isa = PBXBuildFile; fileRef = 1285EA6E2A0B689D00C2186C /* Helpers.h */; settings = {ATTRIBUTES = (Public, ); }; };
		1285EA812A0B689E00C2186C /* Helpers.framework in Frameworks */ = {isa = PBXBuildFile; fileRef = 1285EA6C2A0B689D00C2186C /* Helpers.framework */; };
		1285EA822A0B689E00C2186C /* Helpers.framework in Embed Frameworks */ = {isa = PBXBuildFile; fileRef = 1285EA6C2A0B689D00C2186C /* Helpers.framework */; settings = {ATTRIBUTES = (CodeSignOnCopy, RemoveHeadersOnCopy, ); }; };
		1285EA8A2A0B68B800C2186C /* ViewController.swift in Sources */ = {isa = PBXBuildFile; fileRef = 1285EA892A0B68B800C2186C /* ViewController.swift */; };
		1285EA8B2A0B691300C2186C /* Helpers.framework in Frameworks */ = {isa = PBXBuildFile; fileRef = 1285EA6C2A0B689D00C2186C /* Helpers.framework */; };
		1285EA8C2A0B691300C2186C /* Helpers.framework in Embed Frameworks */ = {isa = PBXBuildFile; fileRef = 1285EA6C2A0B689D00C2186C /* Helpers.framework */; settings = {ATTRIBUTES = (CodeSignOnCopy, RemoveHeadersOnCopy, ); }; };
		1285EA8F2A0B691A00C2186C /* Helpers.framework in Frameworks */ = {isa = PBXBuildFile; fileRef = 1285EA6C2A0B689D00C2186C /* Helpers.framework */; };
		1285EA902A0B691A00C2186C /* Helpers.framework in Embed Frameworks */ = {isa = PBXBuildFile; fileRef = 1285EA6C2A0B689D00C2186C /* Helpers.framework */; settings = {ATTRIBUTES = (CodeSignOnCopy, RemoveHeadersOnCopy, ); }; };
		1285EA942A0B6B9900C2186C /* Tokyo.swift in Sources */ = {isa = PBXBuildFile; fileRef = 1285EA932A0B6B9900C2186C /* Tokyo.swift */; };
		1285EA962A0B6BC900C2186C /* Osaka.swift in Sources */ = {isa = PBXBuildFile; fileRef = 1285EA952A0B6BC900C2186C /* Osaka.swift */; };
		12ACFE5E29F1C3B7006584FE /* ContentView.swift in Sources */ = {isa = PBXBuildFile; fileRef = 12ACFE5D29F1C3B7006584FE /* ContentView.swift */; };
		12ACFE6029F1C3B9006584FE /* Assets.xcassets in Resources */ = {isa = PBXBuildFile; fileRef = 12ACFE5F29F1C3B9006584FE /* Assets.xcassets */; };
		12ACFE6329F1C3B9006584FE /* Preview Assets.xcassets in Resources */ = {isa = PBXBuildFile; fileRef = 12ACFE6229F1C3B9006584FE /* Preview Assets.xcassets */; };
		12ACFE6D29F1C3B9006584FE /* CountryAppTests.swift in Sources */ = {isa = PBXBuildFile; fileRef = 12ACFE6C29F1C3B9006584FE /* CountryAppTests.swift */; };
		12ACFE8E29F1C412006584FE /* Router.docc in Sources */ = {isa = PBXBuildFile; fileRef = 12ACFE8D29F1C412006584FE /* Router.docc */; };
		12ACFE9C29F1C412006584FE /* Router.h in Headers */ = {isa = PBXBuildFile; fileRef = 12ACFE8C29F1C412006584FE /* Router.h */; settings = {ATTRIBUTES = (Public, ); }; };
		12ACFE9F29F1C412006584FE /* Router.framework in Frameworks */ = {isa = PBXBuildFile; fileRef = 12ACFE8A29F1C412006584FE /* Router.framework */; };
		12ACFEA029F1C412006584FE /* Router.framework in Embed Frameworks */ = {isa = PBXBuildFile; fileRef = 12ACFE8A29F1C412006584FE /* Router.framework */; settings = {ATTRIBUTES = (CodeSignOnCopy, RemoveHeadersOnCopy, ); }; };
		12ACFEA929F1C499006584FE /* Router.swift in Sources */ = {isa = PBXBuildFile; fileRef = 12ACFEA829F1C499006584FE /* Router.swift */; };
		12ACFECB29F1C664006584FE /* Indonesia.docc in Sources */ = {isa = PBXBuildFile; fileRef = 12ACFECA29F1C664006584FE /* Indonesia.docc */; };
		12ACFED929F1C665006584FE /* Indonesia.h in Headers */ = {isa = PBXBuildFile; fileRef = 12ACFEC929F1C664006584FE /* Indonesia.h */; settings = {ATTRIBUTES = (Public, ); }; };
		12ACFEDC29F1C665006584FE /* Indonesia.framework in Frameworks */ = {isa = PBXBuildFile; fileRef = 12ACFEC729F1C664006584FE /* Indonesia.framework */; };
		12ACFEDD29F1C665006584FE /* Indonesia.framework in Embed Frameworks */ = {isa = PBXBuildFile; fileRef = 12ACFEC729F1C664006584FE /* Indonesia.framework */; settings = {ATTRIBUTES = (CodeSignOnCopy, RemoveHeadersOnCopy, ); }; };
		12ACFEE529F1C687006584FE /* IndonesiaNavigator.swift in Sources */ = {isa = PBXBuildFile; fileRef = 12ACFEE429F1C687006584FE /* IndonesiaNavigator.swift */; };
		12ACFEEA29F1C6AD006584FE /* Router.framework in Frameworks */ = {isa = PBXBuildFile; fileRef = 12ACFE8A29F1C412006584FE /* Router.framework */; };
		12ACFEEB29F1C6AD006584FE /* Router.framework in Embed Frameworks */ = {isa = PBXBuildFile; fileRef = 12ACFE8A29F1C412006584FE /* Router.framework */; settings = {ATTRIBUTES = (CodeSignOnCopy, RemoveHeadersOnCopy, ); }; };
		12ACFEF829F1C706006584FE /* Japan.docc in Sources */ = {isa = PBXBuildFile; fileRef = 12ACFEF729F1C706006584FE /* Japan.docc */; };
		12ACFF0629F1C706006584FE /* Japan.h in Headers */ = {isa = PBXBuildFile; fileRef = 12ACFEF629F1C706006584FE /* Japan.h */; settings = {ATTRIBUTES = (Public, ); }; };
		12ACFF0929F1C706006584FE /* Japan.framework in Frameworks */ = {isa = PBXBuildFile; fileRef = 12ACFEF429F1C706006584FE /* Japan.framework */; };
		12ACFF0A29F1C706006584FE /* Japan.framework in Embed Frameworks */ = {isa = PBXBuildFile; fileRef = 12ACFEF429F1C706006584FE /* Japan.framework */; settings = {ATTRIBUTES = (CodeSignOnCopy, RemoveHeadersOnCopy, ); }; };
		12ACFF1229F1C718006584FE /* JapanNavigator.swift in Sources */ = {isa = PBXBuildFile; fileRef = 12ACFF1129F1C718006584FE /* JapanNavigator.swift */; };
		12ACFF1629F1C730006584FE /* Router.framework in Frameworks */ = {isa = PBXBuildFile; fileRef = 12ACFE8A29F1C412006584FE /* Router.framework */; };
		12ACFF1729F1C730006584FE /* Router.framework in Embed Frameworks */ = {isa = PBXBuildFile; fileRef = 12ACFE8A29F1C412006584FE /* Router.framework */; settings = {ATTRIBUTES = (CodeSignOnCopy, RemoveHeadersOnCopy, ); }; };
		12ACFF3329F1CF95006584FE /* HomeViewController.swift in Sources */ = {isa = PBXBuildFile; fileRef = 12ACFF3229F1CF95006584FE /* HomeViewController.swift */; };
		12ACFF3529F1D3E8006584FE /* SceneDelegate.swift in Sources */ = {isa = PBXBuildFile; fileRef = 12ACFF3429F1D3E8006584FE /* SceneDelegate.swift */; };
		12ACFF3729F1D457006584FE /* AppDelegate.swift in Sources */ = {isa = PBXBuildFile; fileRef = 12ACFF3629F1D457006584FE /* AppDelegate.swift */; };
		12ACFF3C29F1EC67006584FE /* ViewController.swift in Sources */ = {isa = PBXBuildFile; fileRef = 12ACFF3B29F1EC67006584FE /* ViewController.swift */; };
/* End PBXBuildFile section */

/* Begin PBXContainerItemProxy section */
		1285EA2E29F2003B00C2186C /* PBXContainerItemProxy */ = {
			isa = PBXContainerItemProxy;
			containerPortal = 12ACFE5029F1C3B7006584FE /* Project object */;
			proxyType = 1;
			remoteGlobalIDString = 12ACFEC629F1C664006584FE;
			remoteInfo = Indonesia;
		};
		1285EA3029F2003B00C2186C /* PBXContainerItemProxy */ = {
			isa = PBXContainerItemProxy;
			containerPortal = 12ACFE5029F1C3B7006584FE /* Project object */;
			proxyType = 1;
			remoteGlobalIDString = 12ACFEF329F1C706006584FE;
			remoteInfo = Japan;
		};
		1285EA3229F2003B00C2186C /* PBXContainerItemProxy */ = {
			isa = PBXContainerItemProxy;
			containerPortal = 12ACFE5029F1C3B7006584FE /* Project object */;
			proxyType = 1;
			remoteGlobalIDString = 12ACFE8929F1C412006584FE;
			remoteInfo = Router;
		};
		1285EA7F2A0B689E00C2186C /* PBXContainerItemProxy */ = {
			isa = PBXContainerItemProxy;
			containerPortal = 12ACFE5029F1C3B7006584FE /* Project object */;
			proxyType = 1;
			remoteGlobalIDString = 1285EA6B2A0B689D00C2186C;
			remoteInfo = Helpers;
		};
		1285EA8D2A0B691300C2186C /* PBXContainerItemProxy */ = {
			isa = PBXContainerItemProxy;
			containerPortal = 12ACFE5029F1C3B7006584FE /* Project object */;
			proxyType = 1;
			remoteGlobalIDString = 1285EA6B2A0B689D00C2186C;
			remoteInfo = Helpers;
		};
		1285EA912A0B691A00C2186C /* PBXContainerItemProxy */ = {
			isa = PBXContainerItemProxy;
			containerPortal = 12ACFE5029F1C3B7006584FE /* Project object */;
			proxyType = 1;
			remoteGlobalIDString = 1285EA6B2A0B689D00C2186C;
			remoteInfo = Helpers;
		};
		12ACFE6929F1C3B9006584FE /* PBXContainerItemProxy */ = {
			isa = PBXContainerItemProxy;
			containerPortal = 12ACFE5029F1C3B7006584FE /* Project object */;
			proxyType = 1;
			remoteGlobalIDString = 12ACFE5729F1C3B7006584FE;
			remoteInfo = CountryApp;
		};
		12ACFE9D29F1C412006584FE /* PBXContainerItemProxy */ = {
			isa = PBXContainerItemProxy;
			containerPortal = 12ACFE5029F1C3B7006584FE /* Project object */;
			proxyType = 1;
			remoteGlobalIDString = 12ACFE8929F1C412006584FE;
			remoteInfo = Router;
		};
		12ACFEDA29F1C665006584FE /* PBXContainerItemProxy */ = {
			isa = PBXContainerItemProxy;
			containerPortal = 12ACFE5029F1C3B7006584FE /* Project object */;
			proxyType = 1;
			remoteGlobalIDString = 12ACFEC629F1C664006584FE;
			remoteInfo = Indonesia;
		};
		12ACFEEC29F1C6AD006584FE /* PBXContainerItemProxy */ = {
			isa = PBXContainerItemProxy;
			containerPortal = 12ACFE5029F1C3B7006584FE /* Project object */;
			proxyType = 1;
			remoteGlobalIDString = 12ACFE8929F1C412006584FE;
			remoteInfo = Router;
		};
		12ACFF0729F1C706006584FE /* PBXContainerItemProxy */ = {
			isa = PBXContainerItemProxy;
			containerPortal = 12ACFE5029F1C3B7006584FE /* Project object */;
			proxyType = 1;
			remoteGlobalIDString = 12ACFEF329F1C706006584FE;
			remoteInfo = Japan;
		};
		12ACFF1829F1C730006584FE /* PBXContainerItemProxy */ = {
			isa = PBXContainerItemProxy;
			containerPortal = 12ACFE5029F1C3B7006584FE /* Project object */;
			proxyType = 1;
			remoteGlobalIDString = 12ACFE8929F1C412006584FE;
			remoteInfo = Router;
		};
/* End PBXContainerItemProxy section */

/* Begin PBXCopyFilesBuildPhase section */
		12ACFEA429F1C412006584FE /* Embed Frameworks */ = {
			isa = PBXCopyFilesBuildPhase;
			buildActionMask = 2147483647;
			dstPath = "";
			dstSubfolderSpec = 10;
			files = (
				1285EA822A0B689E00C2186C /* Helpers.framework in Embed Frameworks */,
				12ACFEA029F1C412006584FE /* Router.framework in Embed Frameworks */,
				12ACFF0A29F1C706006584FE /* Japan.framework in Embed Frameworks */,
				12ACFEDD29F1C665006584FE /* Indonesia.framework in Embed Frameworks */,
			);
			name = "Embed Frameworks";
			runOnlyForDeploymentPostprocessing = 0;
		};
		12ACFEEE29F1C6AD006584FE /* Embed Frameworks */ = {
			isa = PBXCopyFilesBuildPhase;
			buildActionMask = 2147483647;
			dstPath = "";
			dstSubfolderSpec = 10;
			files = (
				1285EA8C2A0B691300C2186C /* Helpers.framework in Embed Frameworks */,
				12ACFEEB29F1C6AD006584FE /* Router.framework in Embed Frameworks */,
			);
			name = "Embed Frameworks";
			runOnlyForDeploymentPostprocessing = 0;
		};
		12ACFF1A29F1C730006584FE /* Embed Frameworks */ = {
			isa = PBXCopyFilesBuildPhase;
			buildActionMask = 2147483647;
			dstPath = "";
			dstSubfolderSpec = 10;
			files = (
				1285EA902A0B691A00C2186C /* Helpers.framework in Embed Frameworks */,
				12ACFF1729F1C730006584FE /* Router.framework in Embed Frameworks */,
			);
			name = "Embed Frameworks";
			runOnlyForDeploymentPostprocessing = 0;
		};
/* End PBXCopyFilesBuildPhase section */

/* Begin PBXFileReference section */
		1285EA2C29F1FFAF00C2186C /* NavigationTests.swift */ = {isa = PBXFileReference; lastKnownFileType = sourcecode.swift; path = NavigationTests.swift; sourceTree = "<group>"; };
		1285EA632A0B67C800C2186C /* Jakarta.swift */ = {isa = PBXFileReference; lastKnownFileType = sourcecode.swift; path = Jakarta.swift; sourceTree = "<group>"; };
		1285EA652A0B67DD00C2186C /* Bali.swift */ = {isa = PBXFileReference; lastKnownFileType = sourcecode.swift; path = Bali.swift; sourceTree = "<group>"; };
		1285EA6C2A0B689D00C2186C /* Helpers.framework */ = {isa = PBXFileReference; explicitFileType = wrapper.framework; includeInIndex = 0; path = Helpers.framework; sourceTree = BUILT_PRODUCTS_DIR; };
		1285EA6E2A0B689D00C2186C /* Helpers.h */ = {isa = PBXFileReference; lastKnownFileType = sourcecode.c.h; path = Helpers.h; sourceTree = "<group>"; };
		1285EA6F2A0B689D00C2186C /* Helpers.docc */ = {isa = PBXFileReference; lastKnownFileType = folder.documentationcatalog; path = Helpers.docc; sourceTree = "<group>"; };
		1285EA892A0B68B800C2186C /* ViewController.swift */ = {isa = PBXFileReference; lastKnownFileType = sourcecode.swift; path = ViewController.swift; sourceTree = "<group>"; };
		1285EA932A0B6B9900C2186C /* Tokyo.swift */ = {isa = PBXFileReference; lastKnownFileType = sourcecode.swift; path = Tokyo.swift; sourceTree = "<group>"; };
		1285EA952A0B6BC900C2186C /* Osaka.swift */ = {isa = PBXFileReference; lastKnownFileType = sourcecode.swift; path = Osaka.swift; sourceTree = "<group>"; };
		12ACFE5829F1C3B7006584FE /* CountryApp.app */ = {isa = PBXFileReference; explicitFileType = wrapper.application; includeInIndex = 0; path = CountryApp.app; sourceTree = BUILT_PRODUCTS_DIR; };
		12ACFE5D29F1C3B7006584FE /* ContentView.swift */ = {isa = PBXFileReference; lastKnownFileType = sourcecode.swift; path = ContentView.swift; sourceTree = "<group>"; };
		12ACFE5F29F1C3B9006584FE /* Assets.xcassets */ = {isa = PBXFileReference; lastKnownFileType = folder.assetcatalog; path = Assets.xcassets; sourceTree = "<group>"; };
		12ACFE6229F1C3B9006584FE /* Preview Assets.xcassets */ = {isa = PBXFileReference; lastKnownFileType = folder.assetcatalog; path = "Preview Assets.xcassets"; sourceTree = "<group>"; };
		12ACFE6829F1C3B9006584FE /* CountryAppTests.xctest */ = {isa = PBXFileReference; explicitFileType = wrapper.cfbundle; includeInIndex = 0; path = CountryAppTests.xctest; sourceTree = BUILT_PRODUCTS_DIR; };
		12ACFE6C29F1C3B9006584FE /* CountryAppTests.swift */ = {isa = PBXFileReference; lastKnownFileType = sourcecode.swift; path = CountryAppTests.swift; sourceTree = "<group>"; };
		12ACFE8A29F1C412006584FE /* Router.framework */ = {isa = PBXFileReference; explicitFileType = wrapper.framework; includeInIndex = 0; path = Router.framework; sourceTree = BUILT_PRODUCTS_DIR; };
		12ACFE8C29F1C412006584FE /* Router.h */ = {isa = PBXFileReference; lastKnownFileType = sourcecode.c.h; path = Router.h; sourceTree = "<group>"; };
		12ACFE8D29F1C412006584FE /* Router.docc */ = {isa = PBXFileReference; lastKnownFileType = folder.documentationcatalog; path = Router.docc; sourceTree = "<group>"; };
		12ACFEA829F1C499006584FE /* Router.swift */ = {isa = PBXFileReference; lastKnownFileType = sourcecode.swift; path = Router.swift; sourceTree = "<group>"; };
		12ACFEC729F1C664006584FE /* Indonesia.framework */ = {isa = PBXFileReference; explicitFileType = wrapper.framework; includeInIndex = 0; path = Indonesia.framework; sourceTree = BUILT_PRODUCTS_DIR; };
		12ACFEC929F1C664006584FE /* Indonesia.h */ = {isa = PBXFileReference; lastKnownFileType = sourcecode.c.h; path = Indonesia.h; sourceTree = "<group>"; };
		12ACFECA29F1C664006584FE /* Indonesia.docc */ = {isa = PBXFileReference; lastKnownFileType = folder.documentationcatalog; path = Indonesia.docc; sourceTree = "<group>"; };
		12ACFEE429F1C687006584FE /* IndonesiaNavigator.swift */ = {isa = PBXFileReference; lastKnownFileType = sourcecode.swift; path = IndonesiaNavigator.swift; sourceTree = "<group>"; };
		12ACFEF429F1C706006584FE /* Japan.framework */ = {isa = PBXFileReference; explicitFileType = wrapper.framework; includeInIndex = 0; path = Japan.framework; sourceTree = BUILT_PRODUCTS_DIR; };
		12ACFEF629F1C706006584FE /* Japan.h */ = {isa = PBXFileReference; lastKnownFileType = sourcecode.c.h; path = Japan.h; sourceTree = "<group>"; };
		12ACFEF729F1C706006584FE /* Japan.docc */ = {isa = PBXFileReference; lastKnownFileType = folder.documentationcatalog; path = Japan.docc; sourceTree = "<group>"; };
		12ACFF0429F1C706006584FE /* JapanTests.swift */ = {isa = PBXFileReference; lastKnownFileType = sourcecode.swift; path = JapanTests.swift; sourceTree = "<group>"; };
		12ACFF1129F1C718006584FE /* JapanNavigator.swift */ = {isa = PBXFileReference; lastKnownFileType = sourcecode.swift; path = JapanNavigator.swift; sourceTree = "<group>"; };
		12ACFF3229F1CF95006584FE /* HomeViewController.swift */ = {isa = PBXFileReference; lastKnownFileType = sourcecode.swift; path = HomeViewController.swift; sourceTree = "<group>"; };
		12ACFF3429F1D3E8006584FE /* SceneDelegate.swift */ = {isa = PBXFileReference; lastKnownFileType = sourcecode.swift; path = SceneDelegate.swift; sourceTree = "<group>"; };
		12ACFF3629F1D457006584FE /* AppDelegate.swift */ = {isa = PBXFileReference; lastKnownFileType = sourcecode.swift; path = AppDelegate.swift; sourceTree = "<group>"; };
		12ACFF3829F1D60D006584FE /* Info.plist */ = {isa = PBXFileReference; lastKnownFileType = text.plist; path = Info.plist; sourceTree = "<group>"; };
		12ACFF3B29F1EC67006584FE /* ViewController.swift */ = {isa = PBXFileReference; lastKnownFileType = sourcecode.swift; path = ViewController.swift; sourceTree = "<group>"; };
/* End PBXFileReference section */

/* Begin PBXFrameworksBuildPhase section */
		1285EA692A0B689D00C2186C /* Frameworks */ = {
			isa = PBXFrameworksBuildPhase;
			buildActionMask = 2147483647;
			files = (
			);
			runOnlyForDeploymentPostprocessing = 0;
		};
		12ACFE5529F1C3B7006584FE /* Frameworks */ = {
			isa = PBXFrameworksBuildPhase;
			buildActionMask = 2147483647;
			files = (
				1285EA812A0B689E00C2186C /* Helpers.framework in Frameworks */,
				12ACFE9F29F1C412006584FE /* Router.framework in Frameworks */,
				12ACFF0929F1C706006584FE /* Japan.framework in Frameworks */,
				12ACFEDC29F1C665006584FE /* Indonesia.framework in Frameworks */,
			);
			runOnlyForDeploymentPostprocessing = 0;
		};
		12ACFE6529F1C3B9006584FE /* Frameworks */ = {
			isa = PBXFrameworksBuildPhase;
			buildActionMask = 2147483647;
			files = (
			);
			runOnlyForDeploymentPostprocessing = 0;
		};
		12ACFE8729F1C412006584FE /* Frameworks */ = {
			isa = PBXFrameworksBuildPhase;
			buildActionMask = 2147483647;
			files = (
			);
			runOnlyForDeploymentPostprocessing = 0;
		};
		12ACFEC429F1C664006584FE /* Frameworks */ = {
			isa = PBXFrameworksBuildPhase;
			buildActionMask = 2147483647;
			files = (
				1285EA8B2A0B691300C2186C /* Helpers.framework in Frameworks */,
				12ACFEEA29F1C6AD006584FE /* Router.framework in Frameworks */,
			);
			runOnlyForDeploymentPostprocessing = 0;
		};
		12ACFEF129F1C706006584FE /* Frameworks */ = {
			isa = PBXFrameworksBuildPhase;
			buildActionMask = 2147483647;
			files = (
				1285EA8F2A0B691A00C2186C /* Helpers.framework in Frameworks */,
				12ACFF1629F1C730006584FE /* Router.framework in Frameworks */,
			);
			runOnlyForDeploymentPostprocessing = 0;
		};
/* End PBXFrameworksBuildPhase section */

/* Begin PBXGroup section */
		1285EA6D2A0B689D00C2186C /* Helpers */ = {
			isa = PBXGroup;
			children = (
				1285EA6E2A0B689D00C2186C /* Helpers.h */,
				1285EA6F2A0B689D00C2186C /* Helpers.docc */,
				1285EA892A0B68B800C2186C /* ViewController.swift */,
			);
			path = Helpers;
			sourceTree = "<group>";
		};
		12ACFE4F29F1C3B7006584FE = {
			isa = PBXGroup;
			children = (
				12ACFE5A29F1C3B7006584FE /* CountryApp */,
				12ACFE6B29F1C3B9006584FE /* CountryAppTests */,
				12ACFE8B29F1C412006584FE /* Router */,
				12ACFEC829F1C664006584FE /* Indonesia */,
				12ACFEF529F1C706006584FE /* Japan */,
				12ACFF0329F1C706006584FE /* JapanTests */,
				1285EA6D2A0B689D00C2186C /* Helpers */,
				12ACFE5929F1C3B7006584FE /* Products */,
				12ACFEE629F1C6AD006584FE /* Frameworks */,
			);
			sourceTree = "<group>";
		};
		12ACFE5929F1C3B7006584FE /* Products */ = {
			isa = PBXGroup;
			children = (
				12ACFE5829F1C3B7006584FE /* CountryApp.app */,
				12ACFE6829F1C3B9006584FE /* CountryAppTests.xctest */,
				12ACFE8A29F1C412006584FE /* Router.framework */,
				12ACFEC729F1C664006584FE /* Indonesia.framework */,
				12ACFEF429F1C706006584FE /* Japan.framework */,
				1285EA6C2A0B689D00C2186C /* Helpers.framework */,
			);
			name = Products;
			sourceTree = "<group>";
		};
		12ACFE5A29F1C3B7006584FE /* CountryApp */ = {
			isa = PBXGroup;
			children = (
				12ACFF3829F1D60D006584FE /* Info.plist */,
				12ACFE5D29F1C3B7006584FE /* ContentView.swift */,
				12ACFE5F29F1C3B9006584FE /* Assets.xcassets */,
				12ACFE6129F1C3B9006584FE /* Preview Content */,
				12ACFF3229F1CF95006584FE /* HomeViewController.swift */,
				12ACFF3429F1D3E8006584FE /* SceneDelegate.swift */,
				12ACFF3629F1D457006584FE /* AppDelegate.swift */,
				12ACFF3B29F1EC67006584FE /* ViewController.swift */,
			);
			path = CountryApp;
			sourceTree = "<group>";
		};
		12ACFE6129F1C3B9006584FE /* Preview Content */ = {
			isa = PBXGroup;
			children = (
				12ACFE6229F1C3B9006584FE /* Preview Assets.xcassets */,
			);
			path = "Preview Content";
			sourceTree = "<group>";
		};
		12ACFE6B29F1C3B9006584FE /* CountryAppTests */ = {
			isa = PBXGroup;
			children = (
				12ACFE6C29F1C3B9006584FE /* CountryAppTests.swift */,
				1285EA2C29F1FFAF00C2186C /* NavigationTests.swift */,
			);
			path = CountryAppTests;
			sourceTree = "<group>";
		};
		12ACFE8B29F1C412006584FE /* Router */ = {
			isa = PBXGroup;
			children = (
				12ACFE8C29F1C412006584FE /* Router.h */,
				12ACFE8D29F1C412006584FE /* Router.docc */,
				12ACFEA829F1C499006584FE /* Router.swift */,
			);
			path = Router;
			sourceTree = "<group>";
		};
		12ACFEC829F1C664006584FE /* Indonesia */ = {
			isa = PBXGroup;
			children = (
				12ACFEC929F1C664006584FE /* Indonesia.h */,
				12ACFECA29F1C664006584FE /* Indonesia.docc */,
				12ACFEE429F1C687006584FE /* IndonesiaNavigator.swift */,
				1285EA632A0B67C800C2186C /* Jakarta.swift */,
				1285EA652A0B67DD00C2186C /* Bali.swift */,
			);
			path = Indonesia;
			sourceTree = "<group>";
		};
		12ACFEE629F1C6AD006584FE /* Frameworks */ = {
			isa = PBXGroup;
			children = (
			);
			name = Frameworks;
			sourceTree = "<group>";
		};
		12ACFEF529F1C706006584FE /* Japan */ = {
			isa = PBXGroup;
			children = (
				12ACFEF629F1C706006584FE /* Japan.h */,
				12ACFEF729F1C706006584FE /* Japan.docc */,
				12ACFF1129F1C718006584FE /* JapanNavigator.swift */,
				1285EA932A0B6B9900C2186C /* Tokyo.swift */,
				1285EA952A0B6BC900C2186C /* Osaka.swift */,
			);
			path = Japan;
			sourceTree = "<group>";
		};
		12ACFF0329F1C706006584FE /* JapanTests */ = {
			isa = PBXGroup;
			children = (
				12ACFF0429F1C706006584FE /* JapanTests.swift */,
			);
			path = JapanTests;
			sourceTree = "<group>";
		};
/* End PBXGroup section */

/* Begin PBXHeadersBuildPhase section */
		1285EA672A0B689D00C2186C /* Headers */ = {
			isa = PBXHeadersBuildPhase;
			buildActionMask = 2147483647;
			files = (
				1285EA7E2A0B689D00C2186C /* Helpers.h in Headers */,
			);
			runOnlyForDeploymentPostprocessing = 0;
		};
		12ACFE8529F1C412006584FE /* Headers */ = {
			isa = PBXHeadersBuildPhase;
			buildActionMask = 2147483647;
			files = (
				12ACFE9C29F1C412006584FE /* Router.h in Headers */,
			);
			runOnlyForDeploymentPostprocessing = 0;
		};
		12ACFEC229F1C664006584FE /* Headers */ = {
			isa = PBXHeadersBuildPhase;
			buildActionMask = 2147483647;
			files = (
				12ACFED929F1C665006584FE /* Indonesia.h in Headers */,
			);
			runOnlyForDeploymentPostprocessing = 0;
		};
		12ACFEEF29F1C706006584FE /* Headers */ = {
			isa = PBXHeadersBuildPhase;
			buildActionMask = 2147483647;
			files = (
				12ACFF0629F1C706006584FE /* Japan.h in Headers */,
			);
			runOnlyForDeploymentPostprocessing = 0;
		};
/* End PBXHeadersBuildPhase section */

/* Begin PBXNativeTarget section */
		1285EA6B2A0B689D00C2186C /* Helpers */ = {
			isa = PBXNativeTarget;
			buildConfigurationList = 1285EA832A0B689E00C2186C /* Build configuration list for PBXNativeTarget "Helpers" */;
			buildPhases = (
				1285EA672A0B689D00C2186C /* Headers */,
				1285EA682A0B689D00C2186C /* Sources */,
				1285EA692A0B689D00C2186C /* Frameworks */,
				1285EA6A2A0B689D00C2186C /* Resources */,
			);
			buildRules = (
			);
			dependencies = (
			);
			name = Helpers;
			productName = Helpers;
			productReference = 1285EA6C2A0B689D00C2186C /* Helpers.framework */;
			productType = "com.apple.product-type.framework";
		};
		12ACFE5729F1C3B7006584FE /* CountryApp */ = {
			isa = PBXNativeTarget;
			buildConfigurationList = 12ACFE7C29F1C3B9006584FE /* Build configuration list for PBXNativeTarget "CountryApp" */;
			buildPhases = (
				12ACFE5429F1C3B7006584FE /* Sources */,
				12ACFE5529F1C3B7006584FE /* Frameworks */,
				12ACFE5629F1C3B7006584FE /* Resources */,
				12ACFEA429F1C412006584FE /* Embed Frameworks */,
			);
			buildRules = (
			);
			dependencies = (
				12ACFE9E29F1C412006584FE /* PBXTargetDependency */,
				12ACFEDB29F1C665006584FE /* PBXTargetDependency */,
				12ACFF0829F1C706006584FE /* PBXTargetDependency */,
				1285EA802A0B689E00C2186C /* PBXTargetDependency */,
			);
			name = CountryApp;
			productName = CountryApp;
			productReference = 12ACFE5829F1C3B7006584FE /* CountryApp.app */;
			productType = "com.apple.product-type.application";
		};
		12ACFE6729F1C3B9006584FE /* CountryAppTests */ = {
			isa = PBXNativeTarget;
			buildConfigurationList = 12ACFE7F29F1C3B9006584FE /* Build configuration list for PBXNativeTarget "CountryAppTests" */;
			buildPhases = (
				12ACFE6429F1C3B9006584FE /* Sources */,
				12ACFE6529F1C3B9006584FE /* Frameworks */,
				12ACFE6629F1C3B9006584FE /* Resources */,
			);
			buildRules = (
			);
			dependencies = (
				1285EA2F29F2003B00C2186C /* PBXTargetDependency */,
				1285EA3129F2003B00C2186C /* PBXTargetDependency */,
				1285EA3329F2003B00C2186C /* PBXTargetDependency */,
				12ACFE6A29F1C3B9006584FE /* PBXTargetDependency */,
			);
			name = CountryAppTests;
			productName = CountryAppTests;
			productReference = 12ACFE6829F1C3B9006584FE /* CountryAppTests.xctest */;
			productType = "com.apple.product-type.bundle.unit-test";
		};
		12ACFE8929F1C412006584FE /* Router */ = {
			isa = PBXNativeTarget;
			buildConfigurationList = 12ACFEA129F1C412006584FE /* Build configuration list for PBXNativeTarget "Router" */;
			buildPhases = (
				12ACFE8529F1C412006584FE /* Headers */,
				12ACFE8629F1C412006584FE /* Sources */,
				12ACFE8729F1C412006584FE /* Frameworks */,
				12ACFE8829F1C412006584FE /* Resources */,
			);
			buildRules = (
			);
			dependencies = (
			);
			name = Router;
			productName = Router;
			productReference = 12ACFE8A29F1C412006584FE /* Router.framework */;
			productType = "com.apple.product-type.framework";
		};
		12ACFEC629F1C664006584FE /* Indonesia */ = {
			isa = PBXNativeTarget;
			buildConfigurationList = 12ACFEDE29F1C665006584FE /* Build configuration list for PBXNativeTarget "Indonesia" */;
			buildPhases = (
				12ACFEC229F1C664006584FE /* Headers */,
				12ACFEC329F1C664006584FE /* Sources */,
				12ACFEC429F1C664006584FE /* Frameworks */,
				12ACFEC529F1C664006584FE /* Resources */,
				12ACFEEE29F1C6AD006584FE /* Embed Frameworks */,
			);
			buildRules = (
			);
			dependencies = (
				12ACFEED29F1C6AD006584FE /* PBXTargetDependency */,
				1285EA8E2A0B691300C2186C /* PBXTargetDependency */,
			);
			name = Indonesia;
			productName = Indonesia;
			productReference = 12ACFEC729F1C664006584FE /* Indonesia.framework */;
			productType = "com.apple.product-type.framework";
		};
		12ACFEF329F1C706006584FE /* Japan */ = {
			isa = PBXNativeTarget;
			buildConfigurationList = 12ACFF0B29F1C706006584FE /* Build configuration list for PBXNativeTarget "Japan" */;
			buildPhases = (
				12ACFEEF29F1C706006584FE /* Headers */,
				12ACFEF029F1C706006584FE /* Sources */,
				12ACFEF129F1C706006584FE /* Frameworks */,
				12ACFEF229F1C706006584FE /* Resources */,
				12ACFF1A29F1C730006584FE /* Embed Frameworks */,
			);
			buildRules = (
			);
			dependencies = (
				12ACFF1929F1C730006584FE /* PBXTargetDependency */,
				1285EA922A0B691A00C2186C /* PBXTargetDependency */,
			);
			name = Japan;
			productName = Japan;
			productReference = 12ACFEF429F1C706006584FE /* Japan.framework */;
			productType = "com.apple.product-type.framework";
		};
/* End PBXNativeTarget section */

/* Begin PBXProject section */
		12ACFE5029F1C3B7006584FE /* Project object */ = {
			isa = PBXProject;
			attributes = {
				BuildIndependentTargetsInParallel = 1;
				LastSwiftUpdateCheck = 1400;
				LastUpgradeCheck = 1400;
				TargetAttributes = {
					1285EA6B2A0B689D00C2186C = {
						CreatedOnToolsVersion = 14.0.1;
					};
					12ACFE5729F1C3B7006584FE = {
						CreatedOnToolsVersion = 14.0.1;
					};
					12ACFE6729F1C3B9006584FE = {
						CreatedOnToolsVersion = 14.0.1;
						TestTargetID = 12ACFE5729F1C3B7006584FE;
					};
					12ACFE8929F1C412006584FE = {
						CreatedOnToolsVersion = 14.0.1;
					};
					12ACFEC629F1C664006584FE = {
						CreatedOnToolsVersion = 14.0.1;
					};
					12ACFEF329F1C706006584FE = {
						CreatedOnToolsVersion = 14.0.1;
					};
				};
			};
			buildConfigurationList = 12ACFE5329F1C3B7006584FE /* Build configuration list for PBXProject "CountryApp" */;
			compatibilityVersion = "Xcode 14.0";
			developmentRegion = en;
			hasScannedForEncodings = 0;
			knownRegions = (
				en,
				Base,
			);
			mainGroup = 12ACFE4F29F1C3B7006584FE;
			productRefGroup = 12ACFE5929F1C3B7006584FE /* Products */;
			projectDirPath = "";
			projectRoot = "";
			targets = (
				12ACFE5729F1C3B7006584FE /* CountryApp */,
				12ACFE6729F1C3B9006584FE /* CountryAppTests */,
				12ACFE8929F1C412006584FE /* Router */,
				12ACFEC629F1C664006584FE /* Indonesia */,
				12ACFEF329F1C706006584FE /* Japan */,
				1285EA6B2A0B689D00C2186C /* Helpers */,
			);
		};
/* End PBXProject section */

/* Begin PBXResourcesBuildPhase section */
		1285EA6A2A0B689D00C2186C /* Resources */ = {
			isa = PBXResourcesBuildPhase;
			buildActionMask = 2147483647;
			files = (
			);
			runOnlyForDeploymentPostprocessing = 0;
		};
		12ACFE5629F1C3B7006584FE /* Resources */ = {
			isa = PBXResourcesBuildPhase;
			buildActionMask = 2147483647;
			files = (
				12ACFE6329F1C3B9006584FE /* Preview Assets.xcassets in Resources */,
				12ACFE6029F1C3B9006584FE /* Assets.xcassets in Resources */,
			);
			runOnlyForDeploymentPostprocessing = 0;
		};
		12ACFE6629F1C3B9006584FE /* Resources */ = {
			isa = PBXResourcesBuildPhase;
			buildActionMask = 2147483647;
			files = (
			);
			runOnlyForDeploymentPostprocessing = 0;
		};
		12ACFE8829F1C412006584FE /* Resources */ = {
			isa = PBXResourcesBuildPhase;
			buildActionMask = 2147483647;
			files = (
			);
			runOnlyForDeploymentPostprocessing = 0;
		};
		12ACFEC529F1C664006584FE /* Resources */ = {
			isa = PBXResourcesBuildPhase;
			buildActionMask = 2147483647;
			files = (
			);
			runOnlyForDeploymentPostprocessing = 0;
		};
		12ACFEF229F1C706006584FE /* Resources */ = {
			isa = PBXResourcesBuildPhase;
			buildActionMask = 2147483647;
			files = (
			);
			runOnlyForDeploymentPostprocessing = 0;
		};
/* End PBXResourcesBuildPhase section */

/* Begin PBXSourcesBuildPhase section */
		1285EA682A0B689D00C2186C /* Sources */ = {
			isa = PBXSourcesBuildPhase;
			buildActionMask = 2147483647;
			files = (
				1285EA8A2A0B68B800C2186C /* ViewController.swift in Sources */,
				1285EA702A0B689D00C2186C /* Helpers.docc in Sources */,
			);
			runOnlyForDeploymentPostprocessing = 0;
		};
		12ACFE5429F1C3B7006584FE /* Sources */ = {
			isa = PBXSourcesBuildPhase;
			buildActionMask = 2147483647;
			files = (
				12ACFF3C29F1EC67006584FE /* ViewController.swift in Sources */,
				12ACFF3729F1D457006584FE /* AppDelegate.swift in Sources */,
				12ACFE5E29F1C3B7006584FE /* ContentView.swift in Sources */,
				12ACFF3329F1CF95006584FE /* HomeViewController.swift in Sources */,
				12ACFF3529F1D3E8006584FE /* SceneDelegate.swift in Sources */,
			);
			runOnlyForDeploymentPostprocessing = 0;
		};
		12ACFE6429F1C3B9006584FE /* Sources */ = {
			isa = PBXSourcesBuildPhase;
			buildActionMask = 2147483647;
			files = (
				12ACFE6D29F1C3B9006584FE /* CountryAppTests.swift in Sources */,
				1285EA2D29F1FFAF00C2186C /* NavigationTests.swift in Sources */,
			);
			runOnlyForDeploymentPostprocessing = 0;
		};
		12ACFE8629F1C412006584FE /* Sources */ = {
			isa = PBXSourcesBuildPhase;
			buildActionMask = 2147483647;
			files = (
				12ACFEA929F1C499006584FE /* Router.swift in Sources */,
				12ACFE8E29F1C412006584FE /* Router.docc in Sources */,
			);
			runOnlyForDeploymentPostprocessing = 0;
		};
		12ACFEC329F1C664006584FE /* Sources */ = {
			isa = PBXSourcesBuildPhase;
			buildActionMask = 2147483647;
			files = (
				12ACFEE529F1C687006584FE /* IndonesiaNavigator.swift in Sources */,
				1285EA662A0B67DD00C2186C /* Bali.swift in Sources */,
				12ACFECB29F1C664006584FE /* Indonesia.docc in Sources */,
				1285EA642A0B67C800C2186C /* Jakarta.swift in Sources */,
			);
			runOnlyForDeploymentPostprocessing = 0;
		};
		12ACFEF029F1C706006584FE /* Sources */ = {
			isa = PBXSourcesBuildPhase;
			buildActionMask = 2147483647;
			files = (
				1285EA942A0B6B9900C2186C /* Tokyo.swift in Sources */,
				1285EA962A0B6BC900C2186C /* Osaka.swift in Sources */,
				12ACFF1229F1C718006584FE /* JapanNavigator.swift in Sources */,
				12ACFEF829F1C706006584FE /* Japan.docc in Sources */,
			);
			runOnlyForDeploymentPostprocessing = 0;
		};
/* End PBXSourcesBuildPhase section */

/* Begin PBXTargetDependency section */
		1285EA2F29F2003B00C2186C /* PBXTargetDependency */ = {
			isa = PBXTargetDependency;
			target = 12ACFEC629F1C664006584FE /* Indonesia */;
			targetProxy = 1285EA2E29F2003B00C2186C /* PBXContainerItemProxy */;
		};
		1285EA3129F2003B00C2186C /* PBXTargetDependency */ = {
			isa = PBXTargetDependency;
			target = 12ACFEF329F1C706006584FE /* Japan */;
			targetProxy = 1285EA3029F2003B00C2186C /* PBXContainerItemProxy */;
		};
		1285EA3329F2003B00C2186C /* PBXTargetDependency */ = {
			isa = PBXTargetDependency;
			target = 12ACFE8929F1C412006584FE /* Router */;
			targetProxy = 1285EA3229F2003B00C2186C /* PBXContainerItemProxy */;
		};
		1285EA802A0B689E00C2186C /* PBXTargetDependency */ = {
			isa = PBXTargetDependency;
			target = 1285EA6B2A0B689D00C2186C /* Helpers */;
			targetProxy = 1285EA7F2A0B689E00C2186C /* PBXContainerItemProxy */;
		};
		1285EA8E2A0B691300C2186C /* PBXTargetDependency */ = {
			isa = PBXTargetDependency;
			target = 1285EA6B2A0B689D00C2186C /* Helpers */;
			targetProxy = 1285EA8D2A0B691300C2186C /* PBXContainerItemProxy */;
		};
		1285EA922A0B691A00C2186C /* PBXTargetDependency */ = {
			isa = PBXTargetDependency;
			target = 1285EA6B2A0B689D00C2186C /* Helpers */;
			targetProxy = 1285EA912A0B691A00C2186C /* PBXContainerItemProxy */;
		};
		12ACFE6A29F1C3B9006584FE /* PBXTargetDependency */ = {
			isa = PBXTargetDependency;
			target = 12ACFE5729F1C3B7006584FE /* CountryApp */;
			targetProxy = 12ACFE6929F1C3B9006584FE /* PBXContainerItemProxy */;
		};
		12ACFE9E29F1C412006584FE /* PBXTargetDependency */ = {
			isa = PBXTargetDependency;
			target = 12ACFE8929F1C412006584FE /* Router */;
			targetProxy = 12ACFE9D29F1C412006584FE /* PBXContainerItemProxy */;
		};
		12ACFEDB29F1C665006584FE /* PBXTargetDependency */ = {
			isa = PBXTargetDependency;
			target = 12ACFEC629F1C664006584FE /* Indonesia */;
			targetProxy = 12ACFEDA29F1C665006584FE /* PBXContainerItemProxy */;
		};
		12ACFEED29F1C6AD006584FE /* PBXTargetDependency */ = {
			isa = PBXTargetDependency;
			target = 12ACFE8929F1C412006584FE /* Router */;
			targetProxy = 12ACFEEC29F1C6AD006584FE /* PBXContainerItemProxy */;
		};
		12ACFF0829F1C706006584FE /* PBXTargetDependency */ = {
			isa = PBXTargetDependency;
			target = 12ACFEF329F1C706006584FE /* Japan */;
			targetProxy = 12ACFF0729F1C706006584FE /* PBXContainerItemProxy */;
		};
		12ACFF1929F1C730006584FE /* PBXTargetDependency */ = {
			isa = PBXTargetDependency;
			target = 12ACFE8929F1C412006584FE /* Router */;
			targetProxy = 12ACFF1829F1C730006584FE /* PBXContainerItemProxy */;
		};
/* End PBXTargetDependency section */

/* Begin XCBuildConfiguration section */
		1285EA842A0B689E00C2186C /* Debug */ = {
			isa = XCBuildConfiguration;
			buildSettings = {
				CODE_SIGN_STYLE = Automatic;
				CURRENT_PROJECT_VERSION = 1;
				DEFINES_MODULE = YES;
				DYLIB_COMPATIBILITY_VERSION = 1;
				DYLIB_CURRENT_VERSION = 1;
				DYLIB_INSTALL_NAME_BASE = "@rpath";
				GENERATE_INFOPLIST_FILE = YES;
				INFOPLIST_KEY_NSHumanReadableCopyright = "";
				INSTALL_PATH = "$(LOCAL_LIBRARY_DIR)/Frameworks";
				LD_RUNPATH_SEARCH_PATHS = (
					"$(inherited)",
					"@executable_path/Frameworks",
					"@loader_path/Frameworks",
				);
				MARKETING_VERSION = 1.0;
				PRODUCT_BUNDLE_IDENTIFIER = com.rancaka.Helpers;
				PRODUCT_NAME = "$(TARGET_NAME:c99extidentifier)";
				SKIP_INSTALL = YES;
				SWIFT_EMIT_LOC_STRINGS = YES;
				SWIFT_VERSION = 5.0;
				TARGETED_DEVICE_FAMILY = "1,2";
				VERSIONING_SYSTEM = "apple-generic";
				VERSION_INFO_PREFIX = "";
			};
			name = Debug;
		};
		1285EA852A0B689E00C2186C /* Release */ = {
			isa = XCBuildConfiguration;
			buildSettings = {
				CODE_SIGN_STYLE = Automatic;
				CURRENT_PROJECT_VERSION = 1;
				DEFINES_MODULE = YES;
				DYLIB_COMPATIBILITY_VERSION = 1;
				DYLIB_CURRENT_VERSION = 1;
				DYLIB_INSTALL_NAME_BASE = "@rpath";
				GENERATE_INFOPLIST_FILE = YES;
				INFOPLIST_KEY_NSHumanReadableCopyright = "";
				INSTALL_PATH = "$(LOCAL_LIBRARY_DIR)/Frameworks";
				LD_RUNPATH_SEARCH_PATHS = (
					"$(inherited)",
					"@executable_path/Frameworks",
					"@loader_path/Frameworks",
				);
				MARKETING_VERSION = 1.0;
				PRODUCT_BUNDLE_IDENTIFIER = com.rancaka.Helpers;
				PRODUCT_NAME = "$(TARGET_NAME:c99extidentifier)";
				SKIP_INSTALL = YES;
				SWIFT_EMIT_LOC_STRINGS = YES;
				SWIFT_VERSION = 5.0;
				TARGETED_DEVICE_FAMILY = "1,2";
				VERSIONING_SYSTEM = "apple-generic";
				VERSION_INFO_PREFIX = "";
			};
			name = Release;
		};
		12ACFE7A29F1C3B9006584FE /* Debug */ = {
			isa = XCBuildConfiguration;
			buildSettings = {
				ALWAYS_SEARCH_USER_PATHS = NO;
				CLANG_ANALYZER_NONNULL = YES;
				CLANG_ANALYZER_NUMBER_OBJECT_CONVERSION = YES_AGGRESSIVE;
				CLANG_CXX_LANGUAGE_STANDARD = "gnu++20";
				CLANG_ENABLE_MODULES = YES;
				CLANG_ENABLE_OBJC_ARC = YES;
				CLANG_ENABLE_OBJC_WEAK = YES;
				CLANG_WARN_BLOCK_CAPTURE_AUTORELEASING = YES;
				CLANG_WARN_BOOL_CONVERSION = YES;
				CLANG_WARN_COMMA = YES;
				CLANG_WARN_CONSTANT_CONVERSION = YES;
				CLANG_WARN_DEPRECATED_OBJC_IMPLEMENTATIONS = YES;
				CLANG_WARN_DIRECT_OBJC_ISA_USAGE = YES_ERROR;
				CLANG_WARN_DOCUMENTATION_COMMENTS = YES;
				CLANG_WARN_EMPTY_BODY = YES;
				CLANG_WARN_ENUM_CONVERSION = YES;
				CLANG_WARN_INFINITE_RECURSION = YES;
				CLANG_WARN_INT_CONVERSION = YES;
				CLANG_WARN_NON_LITERAL_NULL_CONVERSION = YES;
				CLANG_WARN_OBJC_IMPLICIT_RETAIN_SELF = YES;
				CLANG_WARN_OBJC_LITERAL_CONVERSION = YES;
				CLANG_WARN_OBJC_ROOT_CLASS = YES_ERROR;
				CLANG_WARN_QUOTED_INCLUDE_IN_FRAMEWORK_HEADER = YES;
				CLANG_WARN_RANGE_LOOP_ANALYSIS = YES;
				CLANG_WARN_STRICT_PROTOTYPES = YES;
				CLANG_WARN_SUSPICIOUS_MOVE = YES;
				CLANG_WARN_UNGUARDED_AVAILABILITY = YES_AGGRESSIVE;
				CLANG_WARN_UNREACHABLE_CODE = YES;
				CLANG_WARN__DUPLICATE_METHOD_MATCH = YES;
				COPY_PHASE_STRIP = NO;
				DEBUG_INFORMATION_FORMAT = dwarf;
				ENABLE_STRICT_OBJC_MSGSEND = YES;
				ENABLE_TESTABILITY = YES;
				GCC_C_LANGUAGE_STANDARD = gnu11;
				GCC_DYNAMIC_NO_PIC = NO;
				GCC_NO_COMMON_BLOCKS = YES;
				GCC_OPTIMIZATION_LEVEL = 0;
				GCC_PREPROCESSOR_DEFINITIONS = (
					"DEBUG=1",
					"$(inherited)",
				);
				GCC_WARN_64_TO_32_BIT_CONVERSION = YES;
				GCC_WARN_ABOUT_RETURN_TYPE = YES_ERROR;
				GCC_WARN_UNDECLARED_SELECTOR = YES;
				GCC_WARN_UNINITIALIZED_AUTOS = YES_AGGRESSIVE;
				GCC_WARN_UNUSED_FUNCTION = YES;
				GCC_WARN_UNUSED_VARIABLE = YES;
				IPHONEOS_DEPLOYMENT_TARGET = 16.0;
				MTL_ENABLE_DEBUG_INFO = INCLUDE_SOURCE;
				MTL_FAST_MATH = YES;
				ONLY_ACTIVE_ARCH = YES;
				SDKROOT = iphoneos;
				SWIFT_ACTIVE_COMPILATION_CONDITIONS = DEBUG;
				SWIFT_OPTIMIZATION_LEVEL = "-Onone";
			};
			name = Debug;
		};
		12ACFE7B29F1C3B9006584FE /* Release */ = {
			isa = XCBuildConfiguration;
			buildSettings = {
				ALWAYS_SEARCH_USER_PATHS = NO;
				CLANG_ANALYZER_NONNULL = YES;
				CLANG_ANALYZER_NUMBER_OBJECT_CONVERSION = YES_AGGRESSIVE;
				CLANG_CXX_LANGUAGE_STANDARD = "gnu++20";
				CLANG_ENABLE_MODULES = YES;
				CLANG_ENABLE_OBJC_ARC = YES;
				CLANG_ENABLE_OBJC_WEAK = YES;
				CLANG_WARN_BLOCK_CAPTURE_AUTORELEASING = YES;
				CLANG_WARN_BOOL_CONVERSION = YES;
				CLANG_WARN_COMMA = YES;
				CLANG_WARN_CONSTANT_CONVERSION = YES;
				CLANG_WARN_DEPRECATED_OBJC_IMPLEMENTATIONS = YES;
				CLANG_WARN_DIRECT_OBJC_ISA_USAGE = YES_ERROR;
				CLANG_WARN_DOCUMENTATION_COMMENTS = YES;
				CLANG_WARN_EMPTY_BODY = YES;
				CLANG_WARN_ENUM_CONVERSION = YES;
				CLANG_WARN_INFINITE_RECURSION = YES;
				CLANG_WARN_INT_CONVERSION = YES;
				CLANG_WARN_NON_LITERAL_NULL_CONVERSION = YES;
				CLANG_WARN_OBJC_IMPLICIT_RETAIN_SELF = YES;
				CLANG_WARN_OBJC_LITERAL_CONVERSION = YES;
				CLANG_WARN_OBJC_ROOT_CLASS = YES_ERROR;
				CLANG_WARN_QUOTED_INCLUDE_IN_FRAMEWORK_HEADER = YES;
				CLANG_WARN_RANGE_LOOP_ANALYSIS = YES;
				CLANG_WARN_STRICT_PROTOTYPES = YES;
				CLANG_WARN_SUSPICIOUS_MOVE = YES;
				CLANG_WARN_UNGUARDED_AVAILABILITY = YES_AGGRESSIVE;
				CLANG_WARN_UNREACHABLE_CODE = YES;
				CLANG_WARN__DUPLICATE_METHOD_MATCH = YES;
				COPY_PHASE_STRIP = NO;
				DEBUG_INFORMATION_FORMAT = "dwarf-with-dsym";
				ENABLE_NS_ASSERTIONS = NO;
				ENABLE_STRICT_OBJC_MSGSEND = YES;
				GCC_C_LANGUAGE_STANDARD = gnu11;
				GCC_NO_COMMON_BLOCKS = YES;
				GCC_WARN_64_TO_32_BIT_CONVERSION = YES;
				GCC_WARN_ABOUT_RETURN_TYPE = YES_ERROR;
				GCC_WARN_UNDECLARED_SELECTOR = YES;
				GCC_WARN_UNINITIALIZED_AUTOS = YES_AGGRESSIVE;
				GCC_WARN_UNUSED_FUNCTION = YES;
				GCC_WARN_UNUSED_VARIABLE = YES;
				IPHONEOS_DEPLOYMENT_TARGET = 16.0;
				MTL_ENABLE_DEBUG_INFO = NO;
				MTL_FAST_MATH = YES;
				SDKROOT = iphoneos;
				SWIFT_COMPILATION_MODE = wholemodule;
				SWIFT_OPTIMIZATION_LEVEL = "-O";
				VALIDATE_PRODUCT = YES;
			};
			name = Release;
		};
		12ACFE7D29F1C3B9006584FE /* Debug */ = {
			isa = XCBuildConfiguration;
			buildSettings = {
				ALWAYS_EMBED_SWIFT_STANDARD_LIBRARIES = YES;
				ASSETCATALOG_COMPILER_APPICON_NAME = AppIcon;
				ASSETCATALOG_COMPILER_GLOBAL_ACCENT_COLOR_NAME = AccentColor;
				CODE_SIGN_STYLE = Automatic;
				CURRENT_PROJECT_VERSION = 1;
				DEVELOPMENT_ASSET_PATHS = "\"CountryApp/Preview Content\"";
				ENABLE_PREVIEWS = YES;
				GENERATE_INFOPLIST_FILE = YES;
				INFOPLIST_FILE = CountryApp/Info.plist;
				INFOPLIST_KEY_UIApplicationSupportsIndirectInputEvents = YES;
				INFOPLIST_KEY_UILaunchScreen_Generation = YES;
				INFOPLIST_KEY_UISupportedInterfaceOrientations_iPad = "UIInterfaceOrientationPortrait UIInterfaceOrientationPortraitUpsideDown UIInterfaceOrientationLandscapeLeft UIInterfaceOrientationLandscapeRight";
				INFOPLIST_KEY_UISupportedInterfaceOrientations_iPhone = "UIInterfaceOrientationPortrait UIInterfaceOrientationLandscapeLeft UIInterfaceOrientationLandscapeRight";
				LD_RUNPATH_SEARCH_PATHS = (
					"$(inherited)",
					"@executable_path/Frameworks",
				);
				MARKETING_VERSION = 1.0;
				PRODUCT_BUNDLE_IDENTIFIER = com.rancaka.CountryApp;
				PRODUCT_NAME = "$(TARGET_NAME)";
				SWIFT_EMIT_LOC_STRINGS = YES;
				SWIFT_VERSION = 5.0;
				TARGETED_DEVICE_FAMILY = "1,2";
			};
			name = Debug;
		};
		12ACFE7E29F1C3B9006584FE /* Release */ = {
			isa = XCBuildConfiguration;
			buildSettings = {
				ALWAYS_EMBED_SWIFT_STANDARD_LIBRARIES = YES;
				ASSETCATALOG_COMPILER_APPICON_NAME = AppIcon;
				ASSETCATALOG_COMPILER_GLOBAL_ACCENT_COLOR_NAME = AccentColor;
				CODE_SIGN_STYLE = Automatic;
				CURRENT_PROJECT_VERSION = 1;
				DEVELOPMENT_ASSET_PATHS = "\"CountryApp/Preview Content\"";
				ENABLE_PREVIEWS = YES;
				GENERATE_INFOPLIST_FILE = YES;
				INFOPLIST_FILE = CountryApp/Info.plist;
				INFOPLIST_KEY_UIApplicationSupportsIndirectInputEvents = YES;
				INFOPLIST_KEY_UILaunchScreen_Generation = YES;
				INFOPLIST_KEY_UISupportedInterfaceOrientations_iPad = "UIInterfaceOrientationPortrait UIInterfaceOrientationPortraitUpsideDown UIInterfaceOrientationLandscapeLeft UIInterfaceOrientationLandscapeRight";
				INFOPLIST_KEY_UISupportedInterfaceOrientations_iPhone = "UIInterfaceOrientationPortrait UIInterfaceOrientationLandscapeLeft UIInterfaceOrientationLandscapeRight";
				LD_RUNPATH_SEARCH_PATHS = (
					"$(inherited)",
					"@executable_path/Frameworks",
				);
				MARKETING_VERSION = 1.0;
				PRODUCT_BUNDLE_IDENTIFIER = com.rancaka.CountryApp;
				PRODUCT_NAME = "$(TARGET_NAME)";
				SWIFT_EMIT_LOC_STRINGS = YES;
				SWIFT_VERSION = 5.0;
				TARGETED_DEVICE_FAMILY = "1,2";
			};
			name = Release;
		};
		12ACFE8029F1C3B9006584FE /* Debug */ = {
			isa = XCBuildConfiguration;
			buildSettings = {
				ALWAYS_EMBED_SWIFT_STANDARD_LIBRARIES = YES;
				BUNDLE_LOADER = "$(TEST_HOST)";
				CODE_SIGN_STYLE = Automatic;
				CURRENT_PROJECT_VERSION = 1;
				GENERATE_INFOPLIST_FILE = YES;
				IPHONEOS_DEPLOYMENT_TARGET = 16.0;
				MARKETING_VERSION = 1.0;
				PRODUCT_BUNDLE_IDENTIFIER = com.rancaka.CountryAppTests;
				PRODUCT_NAME = "$(TARGET_NAME)";
				SWIFT_EMIT_LOC_STRINGS = NO;
				SWIFT_VERSION = 5.0;
				TARGETED_DEVICE_FAMILY = "1,2";
				TEST_HOST = "$(BUILT_PRODUCTS_DIR)/CountryApp.app/$(BUNDLE_EXECUTABLE_FOLDER_PATH)/CountryApp";
			};
			name = Debug;
		};
		12ACFE8129F1C3B9006584FE /* Release */ = {
			isa = XCBuildConfiguration;
			buildSettings = {
				ALWAYS_EMBED_SWIFT_STANDARD_LIBRARIES = YES;
				BUNDLE_LOADER = "$(TEST_HOST)";
				CODE_SIGN_STYLE = Automatic;
				CURRENT_PROJECT_VERSION = 1;
				GENERATE_INFOPLIST_FILE = YES;
				IPHONEOS_DEPLOYMENT_TARGET = 16.0;
				MARKETING_VERSION = 1.0;
				PRODUCT_BUNDLE_IDENTIFIER = com.rancaka.CountryAppTests;
				PRODUCT_NAME = "$(TARGET_NAME)";
				SWIFT_EMIT_LOC_STRINGS = NO;
				SWIFT_VERSION = 5.0;
				TARGETED_DEVICE_FAMILY = "1,2";
				TEST_HOST = "$(BUILT_PRODUCTS_DIR)/CountryApp.app/$(BUNDLE_EXECUTABLE_FOLDER_PATH)/CountryApp";
			};
			name = Release;
		};
		12ACFEA229F1C412006584FE /* Debug */ = {
			isa = XCBuildConfiguration;
			buildSettings = {
				CODE_SIGN_STYLE = Automatic;
				CURRENT_PROJECT_VERSION = 1;
				DEFINES_MODULE = YES;
				DYLIB_COMPATIBILITY_VERSION = 1;
				DYLIB_CURRENT_VERSION = 1;
				DYLIB_INSTALL_NAME_BASE = "@rpath";
				GENERATE_INFOPLIST_FILE = YES;
				INFOPLIST_KEY_NSHumanReadableCopyright = "";
				INSTALL_PATH = "$(LOCAL_LIBRARY_DIR)/Frameworks";
				LD_RUNPATH_SEARCH_PATHS = (
					"$(inherited)",
					"@executable_path/Frameworks",
					"@loader_path/Frameworks",
				);
				MARKETING_VERSION = 1.0;
				PRODUCT_BUNDLE_IDENTIFIER = com.rancaka.Router;
				PRODUCT_NAME = "$(TARGET_NAME:c99extidentifier)";
				SKIP_INSTALL = YES;
				SWIFT_EMIT_LOC_STRINGS = YES;
				SWIFT_VERSION = 5.0;
				TARGETED_DEVICE_FAMILY = "1,2";
				VERSIONING_SYSTEM = "apple-generic";
				VERSION_INFO_PREFIX = "";
			};
			name = Debug;
		};
		12ACFEA329F1C412006584FE /* Release */ = {
			isa = XCBuildConfiguration;
			buildSettings = {
				CODE_SIGN_STYLE = Automatic;
				CURRENT_PROJECT_VERSION = 1;
				DEFINES_MODULE = YES;
				DYLIB_COMPATIBILITY_VERSION = 1;
				DYLIB_CURRENT_VERSION = 1;
				DYLIB_INSTALL_NAME_BASE = "@rpath";
				GENERATE_INFOPLIST_FILE = YES;
				INFOPLIST_KEY_NSHumanReadableCopyright = "";
				INSTALL_PATH = "$(LOCAL_LIBRARY_DIR)/Frameworks";
				LD_RUNPATH_SEARCH_PATHS = (
					"$(inherited)",
					"@executable_path/Frameworks",
					"@loader_path/Frameworks",
				);
				MARKETING_VERSION = 1.0;
				PRODUCT_BUNDLE_IDENTIFIER = com.rancaka.Router;
				PRODUCT_NAME = "$(TARGET_NAME:c99extidentifier)";
				SKIP_INSTALL = YES;
				SWIFT_EMIT_LOC_STRINGS = YES;
				SWIFT_VERSION = 5.0;
				TARGETED_DEVICE_FAMILY = "1,2";
				VERSIONING_SYSTEM = "apple-generic";
				VERSION_INFO_PREFIX = "";
			};
			name = Release;
		};
		12ACFEDF29F1C665006584FE /* Debug */ = {
			isa = XCBuildConfiguration;
			buildSettings = {
				CODE_SIGN_STYLE = Automatic;
				CURRENT_PROJECT_VERSION = 1;
				DEFINES_MODULE = YES;
				DYLIB_COMPATIBILITY_VERSION = 1;
				DYLIB_CURRENT_VERSION = 1;
				DYLIB_INSTALL_NAME_BASE = "@rpath";
				GENERATE_INFOPLIST_FILE = YES;
				INFOPLIST_KEY_NSHumanReadableCopyright = "";
				INSTALL_PATH = "$(LOCAL_LIBRARY_DIR)/Frameworks";
				LD_RUNPATH_SEARCH_PATHS = (
					"$(inherited)",
					"@executable_path/Frameworks",
					"@loader_path/Frameworks",
				);
				MARKETING_VERSION = 1.0;
				PRODUCT_BUNDLE_IDENTIFIER = com.rancaka.Indonesia;
				PRODUCT_NAME = "$(TARGET_NAME:c99extidentifier)";
				SKIP_INSTALL = YES;
				SWIFT_EMIT_LOC_STRINGS = YES;
				SWIFT_VERSION = 5.0;
				TARGETED_DEVICE_FAMILY = "1,2";
				VERSIONING_SYSTEM = "apple-generic";
				VERSION_INFO_PREFIX = "";
			};
			name = Debug;
		};
		12ACFEE029F1C665006584FE /* Release */ = {
			isa = XCBuildConfiguration;
			buildSettings = {
				CODE_SIGN_STYLE = Automatic;
				CURRENT_PROJECT_VERSION = 1;
				DEFINES_MODULE = YES;
				DYLIB_COMPATIBILITY_VERSION = 1;
				DYLIB_CURRENT_VERSION = 1;
				DYLIB_INSTALL_NAME_BASE = "@rpath";
				GENERATE_INFOPLIST_FILE = YES;
				INFOPLIST_KEY_NSHumanReadableCopyright = "";
				INSTALL_PATH = "$(LOCAL_LIBRARY_DIR)/Frameworks";
				LD_RUNPATH_SEARCH_PATHS = (
					"$(inherited)",
					"@executable_path/Frameworks",
					"@loader_path/Frameworks",
				);
				MARKETING_VERSION = 1.0;
				PRODUCT_BUNDLE_IDENTIFIER = com.rancaka.Indonesia;
				PRODUCT_NAME = "$(TARGET_NAME:c99extidentifier)";
				SKIP_INSTALL = YES;
				SWIFT_EMIT_LOC_STRINGS = YES;
				SWIFT_VERSION = 5.0;
				TARGETED_DEVICE_FAMILY = "1,2";
				VERSIONING_SYSTEM = "apple-generic";
				VERSION_INFO_PREFIX = "";
			};
			name = Release;
		};
		12ACFF0C29F1C706006584FE /* Debug */ = {
			isa = XCBuildConfiguration;
			buildSettings = {
				CODE_SIGN_STYLE = Automatic;
				CURRENT_PROJECT_VERSION = 1;
				DEFINES_MODULE = YES;
				DYLIB_COMPATIBILITY_VERSION = 1;
				DYLIB_CURRENT_VERSION = 1;
				DYLIB_INSTALL_NAME_BASE = "@rpath";
				GENERATE_INFOPLIST_FILE = YES;
				INFOPLIST_KEY_NSHumanReadableCopyright = "";
				INSTALL_PATH = "$(LOCAL_LIBRARY_DIR)/Frameworks";
				LD_RUNPATH_SEARCH_PATHS = (
					"$(inherited)",
					"@executable_path/Frameworks",
					"@loader_path/Frameworks",
				);
				MARKETING_VERSION = 1.0;
				PRODUCT_BUNDLE_IDENTIFIER = com.rancaka.Japan;
				PRODUCT_NAME = "$(TARGET_NAME:c99extidentifier)";
				SKIP_INSTALL = YES;
				SWIFT_EMIT_LOC_STRINGS = YES;
				SWIFT_VERSION = 5.0;
				TARGETED_DEVICE_FAMILY = "1,2";
				VERSIONING_SYSTEM = "apple-generic";
				VERSION_INFO_PREFIX = "";
			};
			name = Debug;
		};
		12ACFF0D29F1C706006584FE /* Release */ = {
			isa = XCBuildConfiguration;
			buildSettings = {
				CODE_SIGN_STYLE = Automatic;
				CURRENT_PROJECT_VERSION = 1;
				DEFINES_MODULE = YES;
				DYLIB_COMPATIBILITY_VERSION = 1;
				DYLIB_CURRENT_VERSION = 1;
				DYLIB_INSTALL_NAME_BASE = "@rpath";
				GENERATE_INFOPLIST_FILE = YES;
				INFOPLIST_KEY_NSHumanReadableCopyright = "";
				INSTALL_PATH = "$(LOCAL_LIBRARY_DIR)/Frameworks";
				LD_RUNPATH_SEARCH_PATHS = (
					"$(inherited)",
					"@executable_path/Frameworks",
					"@loader_path/Frameworks",
				);
				MARKETING_VERSION = 1.0;
				PRODUCT_BUNDLE_IDENTIFIER = com.rancaka.Japan;
				PRODUCT_NAME = "$(TARGET_NAME:c99extidentifier)";
				SKIP_INSTALL = YES;
				SWIFT_EMIT_LOC_STRINGS = YES;
				SWIFT_VERSION = 5.0;
				TARGETED_DEVICE_FAMILY = "1,2";
				VERSIONING_SYSTEM = "apple-generic";
				VERSION_INFO_PREFIX = "";
			};
			name = Release;
		};
/* End XCBuildConfiguration section */

/* Begin XCConfigurationList section */
		1285EA832A0B689E00C2186C /* Build configuration list for PBXNativeTarget "Helpers" */ = {
			isa = XCConfigurationList;
			buildConfigurations = (
				1285EA842A0B689E00C2186C /* Debug */,
				1285EA852A0B689E00C2186C /* Release */,
			);
			defaultConfigurationIsVisible = 0;
			defaultConfigurationName = Release;
		};
		12ACFE5329F1C3B7006584FE /* Build configuration list for PBXProject "CountryApp" */ = {
			isa = XCConfigurationList;
			buildConfigurations = (
				12ACFE7A29F1C3B9006584FE /* Debug */,
				12ACFE7B29F1C3B9006584FE /* Release */,
			);
			defaultConfigurationIsVisible = 0;
			defaultConfigurationName = Release;
		};
		12ACFE7C29F1C3B9006584FE /* Build configuration list for PBXNativeTarget "CountryApp" */ = {
			isa = XCConfigurationList;
			buildConfigurations = (
				12ACFE7D29F1C3B9006584FE /* Debug */,
				12ACFE7E29F1C3B9006584FE /* Release */,
			);
			defaultConfigurationIsVisible = 0;
			defaultConfigurationName = Release;
		};
		12ACFE7F29F1C3B9006584FE /* Build configuration list for PBXNativeTarget "CountryAppTests" */ = {
			isa = XCConfigurationList;
			buildConfigurations = (
				12ACFE8029F1C3B9006584FE /* Debug */,
				12ACFE8129F1C3B9006584FE /* Release */,
			);
			defaultConfigurationIsVisible = 0;
			defaultConfigurationName = Release;
		};
		12ACFEA129F1C412006584FE /* Build configuration list for PBXNativeTarget "Router" */ = {
			isa = XCConfigurationList;
			buildConfigurations = (
				12ACFEA229F1C412006584FE /* Debug */,
				12ACFEA329F1C412006584FE /* Release */,
			);
			defaultConfigurationIsVisible = 0;
			defaultConfigurationName = Release;
		};
		12ACFEDE29F1C665006584FE /* Build configuration list for PBXNativeTarget "Indonesia" */ = {
			isa = XCConfigurationList;
			buildConfigurations = (
				12ACFEDF29F1C665006584FE /* Debug */,
				12ACFEE029F1C665006584FE /* Release */,
			);
			defaultConfigurationIsVisible = 0;
			defaultConfigurationName = Release;
		};
		12ACFF0B29F1C706006584FE /* Build configuration list for PBXNativeTarget "Japan" */ = {
			isa = XCConfigurationList;
			buildConfigurations = (
				12ACFF0C29F1C706006584FE /* Debug */,
				12ACFF0D29F1C706006584FE /* Release */,
			);
			defaultConfigurationIsVisible = 0;
			defaultConfigurationName = Release;
		};
/* End XCConfigurationList section */
	};
	rootObject = 12ACFE5029F1C3B7006584FE /* Project object */;
}
